// !$*UTF8*$!
{
	archiveVersion = 1;
	classes = {
	};
	objectVersion = 48;
	objects = {

/* Begin PBXBuildFile section */
		5555D50FDE640413083710F6 /* Pods_Todoey.framework in Frameworks */ = {isa = PBXBuildFile; fileRef = 10ACCFA8876E9C96EB19757D /* Pods_Todoey.framework */; };
		BA77654820622CC4005D573C /* SwipeTableViewController.swift in Sources */ = {isa = PBXBuildFile; fileRef = BA77654720622CC4005D573C /* SwipeTableViewController.swift */; };
		BA9B84A9205FE34F0099D50B /* CategoryViewControllorTableViewController.swift in Sources */ = {isa = PBXBuildFile; fileRef = BA9B84A8205FE34F0099D50B /* CategoryViewControllorTableViewController.swift */; };
		BAD2B2DE2060F3DD00529E78 /* Item.swift in Sources */ = {isa = PBXBuildFile; fileRef = BAD2B2DD2060F3DD00529E78 /* Item.swift */; };
		BAD2B2E02060F3FA00529E78 /* Category.swift in Sources */ = {isa = PBXBuildFile; fileRef = BAD2B2DF2060F3FA00529E78 /* Category.swift */; };
		BAD2B2E22060F43500529E78 /* Data.swift in Sources */ = {isa = PBXBuildFile; fileRef = BAD2B2E12060F43500529E78 /* Data.swift */; };
		BAFD0DFA205A434100292B47 /* AppDelegate.swift in Sources */ = {isa = PBXBuildFile; fileRef = BAFD0DF9205A434100292B47 /* AppDelegate.swift */; };
		BAFD0DFC205A434100292B47 /* TodoListViewController.swift in Sources */ = {isa = PBXBuildFile; fileRef = BAFD0DFB205A434100292B47 /* TodoListViewController.swift */; };
		BAFD0DFF205A434100292B47 /* Main.storyboard in Resources */ = {isa = PBXBuildFile; fileRef = BAFD0DFD205A434100292B47 /* Main.storyboard */; };
		BAFD0E01205A434100292B47 /* Assets.xcassets in Resources */ = {isa = PBXBuildFile; fileRef = BAFD0E00205A434100292B47 /* Assets.xcassets */; };
		BAFD0E04205A434100292B47 /* LaunchScreen.storyboard in Resources */ = {isa = PBXBuildFile; fileRef = BAFD0E02205A434100292B47 /* LaunchScreen.storyboard */; };
/* End PBXBuildFile section */

/* Begin PBXFileReference section */
		10ACCFA8876E9C96EB19757D /* Pods_Todoey.framework */ = {isa = PBXFileReference; explicitFileType = wrapper.framework; includeInIndex = 0; path = Pods_Todoey.framework; sourceTree = BUILT_PRODUCTS_DIR; };
		83471D45C3FE2BE098208D4A /* Pods-Todoey.debug.xcconfig */ = {isa = PBXFileReference; includeInIndex = 1; lastKnownFileType = text.xcconfig; name = "Pods-Todoey.debug.xcconfig"; path = "Pods/Target Support Files/Pods-Todoey/Pods-Todoey.debug.xcconfig"; sourceTree = "<group>"; };
		BA77654720622CC4005D573C /* SwipeTableViewController.swift */ = {isa = PBXFileReference; lastKnownFileType = sourcecode.swift; path = SwipeTableViewController.swift; sourceTree = "<group>"; };
		BA9B84A8205FE34F0099D50B /* CategoryViewControllorTableViewController.swift */ = {isa = PBXFileReference; lastKnownFileType = sourcecode.swift; path = CategoryViewControllorTableViewController.swift; sourceTree = "<group>"; };
		BAD2B2DD2060F3DD00529E78 /* Item.swift */ = {isa = PBXFileReference; lastKnownFileType = sourcecode.swift; path = Item.swift; sourceTree = "<group>"; };
		BAD2B2DF2060F3FA00529E78 /* Category.swift */ = {isa = PBXFileReference; lastKnownFileType = sourcecode.swift; path = Category.swift; sourceTree = "<group>"; };
		BAD2B2E12060F43500529E78 /* Data.swift */ = {isa = PBXFileReference; fileEncoding = 4; lastKnownFileType = sourcecode.swift; path = Data.swift; sourceTree = "<group>"; };
		BAFD0DF6205A434100292B47 /* Todoey.app */ = {isa = PBXFileReference; explicitFileType = wrapper.application; includeInIndex = 0; path = Todoey.app; sourceTree = BUILT_PRODUCTS_DIR; };
		BAFD0DF9205A434100292B47 /* AppDelegate.swift */ = {isa = PBXFileReference; lastKnownFileType = sourcecode.swift; path = AppDelegate.swift; sourceTree = "<group>"; };
		BAFD0DFB205A434100292B47 /* TodoListViewController.swift */ = {isa = PBXFileReference; lastKnownFileType = sourcecode.swift; path = TodoListViewController.swift; sourceTree = "<group>"; };
		BAFD0DFE205A434100292B47 /* Base */ = {isa = PBXFileReference; lastKnownFileType = file.storyboard; name = Base; path = Base.lproj/Main.storyboard; sourceTree = "<group>"; };
		BAFD0E00205A434100292B47 /* Assets.xcassets */ = {isa = PBXFileReference; lastKnownFileType = folder.assetcatalog; path = Assets.xcassets; sourceTree = "<group>"; };
		BAFD0E03205A434100292B47 /* Base */ = {isa = PBXFileReference; lastKnownFileType = file.storyboard; name = Base; path = Base.lproj/LaunchScreen.storyboard; sourceTree = "<group>"; };
		BAFD0E05205A434100292B47 /* Info.plist */ = {isa = PBXFileReference; lastKnownFileType = text.plist.xml; path = Info.plist; sourceTree = "<group>"; };
		E1DEC1A1D26B67F4E01454A2 /* Pods-Todoey.release.xcconfig */ = {isa = PBXFileReference; includeInIndex = 1; lastKnownFileType = text.xcconfig; name = "Pods-Todoey.release.xcconfig"; path = "Pods/Target Support Files/Pods-Todoey/Pods-Todoey.release.xcconfig"; sourceTree = "<group>"; };
/* End PBXFileReference section */

/* Begin PBXFrameworksBuildPhase section */
		BAFD0DF3205A434100292B47 /* Frameworks */ = {
			isa = PBXFrameworksBuildPhase;
			buildActionMask = 2147483647;
			files = (
				5555D50FDE640413083710F6 /* Pods_Todoey.framework in Frameworks */,
			);
			runOnlyForDeploymentPostprocessing = 0;
		};
/* End PBXFrameworksBuildPhase section */

/* Begin PBXGroup section */
		59B8B66AD8A34971C4A3FA10 /* Pods */ = {
			isa = PBXGroup;
			children = (
				83471D45C3FE2BE098208D4A /* Pods-Todoey.debug.xcconfig */,
				E1DEC1A1D26B67F4E01454A2 /* Pods-Todoey.release.xcconfig */,
			);
			name = Pods;
			sourceTree = "<group>";
		};
		BAFD0DED205A434100292B47 = {
			isa = PBXGroup;
			children = (
				BAFD0DF8205A434100292B47 /* Todoey */,
				BAFD0DF7205A434100292B47 /* Products */,
				59B8B66AD8A34971C4A3FA10 /* Pods */,
				C168D1680918DA2FD659BBD9 /* Frameworks */,
			);
			sourceTree = "<group>";
		};
		BAFD0DF7205A434100292B47 /* Products */ = {
			isa = PBXGroup;
			children = (
				BAFD0DF6205A434100292B47 /* Todoey.app */,
			);
			name = Products;
			sourceTree = "<group>";
		};
		BAFD0DF8205A434100292B47 /* Todoey */ = {
			isa = PBXGroup;
			children = (
				BAFD0E18205BAB1800292B47 /* Controllers */,
				BAFD0E17205BAB0B00292B47 /* Views */,
				BAFD0E16205BAAEA00292B47 /* DataModel */,
				BAFD0E19205BAB4300292B47 /* SupportingFiles */,
				BAFD0E05205A434100292B47 /* Info.plist */,
			);
			path = Todoey;
			sourceTree = "<group>";
		};
		BAFD0E16205BAAEA00292B47 /* DataModel */ = {
			isa = PBXGroup;
			children = (
				BAD2B2E12060F43500529E78 /* Data.swift */,
				BAD2B2DD2060F3DD00529E78 /* Item.swift */,
				BAD2B2DF2060F3FA00529E78 /* Category.swift */,
			);
			path = DataModel;
			sourceTree = "<group>";
		};
		BAFD0E17205BAB0B00292B47 /* Views */ = {
			isa = PBXGroup;
			children = (
				BAFD0E02205A434100292B47 /* LaunchScreen.storyboard */,
				BAFD0DFD205A434100292B47 /* Main.storyboard */,
			);
			path = Views;
			sourceTree = "<group>";
		};
		BAFD0E18205BAB1800292B47 /* Controllers */ = {
			isa = PBXGroup;
			children = (
				BAFD0DFB205A434100292B47 /* TodoListViewController.swift */,
				BA9B84A8205FE34F0099D50B /* CategoryViewControllorTableViewController.swift */,
				BA77654720622CC4005D573C /* SwipeTableViewController.swift */,
			);
			path = Controllers;
			sourceTree = "<group>";
		};
		BAFD0E19205BAB4300292B47 /* SupportingFiles */ = {
			isa = PBXGroup;
			children = (
				BAFD0DF9205A434100292B47 /* AppDelegate.swift */,
				BAFD0E00205A434100292B47 /* Assets.xcassets */,
			);
			path = SupportingFiles;
			sourceTree = "<group>";
		};
		C168D1680918DA2FD659BBD9 /* Frameworks */ = {
			isa = PBXGroup;
			children = (
				10ACCFA8876E9C96EB19757D /* Pods_Todoey.framework */,
			);
			name = Frameworks;
			sourceTree = "<group>";
		};
/* End PBXGroup section */

/* Begin PBXNativeTarget section */
		BAFD0DF5205A434100292B47 /* Todoey */ = {
			isa = PBXNativeTarget;
			buildConfigurationList = BAFD0E08205A434100292B47 /* Build configuration list for PBXNativeTarget "Todoey" */;
			buildPhases = (
				0AB3A984B94637E0235FC63B /* [CP] Check Pods Manifest.lock */,
				BAFD0DF2205A434100292B47 /* Sources */,
				BAFD0DF3205A434100292B47 /* Frameworks */,
				BAFD0DF4205A434100292B47 /* Resources */,
				5D0341D9A4246281A4C26811 /* [CP] Embed Pods Frameworks */,
				8D5914152FD0576582E65E13 /* [CP] Copy Pods Resources */,
			);
			buildRules = (
			);
			dependencies = (
			);
			name = Todoey;
			productName = Todoey;
			productReference = BAFD0DF6205A434100292B47 /* Todoey.app */;
			productType = "com.apple.product-type.application";
		};
/* End PBXNativeTarget section */

/* Begin PBXProject section */
		BAFD0DEE205A434100292B47 /* Project object */ = {
			isa = PBXProject;
			attributes = {
				LastSwiftUpdateCheck = 0900;
				LastUpgradeCheck = 0900;
				ORGANIZATIONNAME = "Udit Kapahi";
				TargetAttributes = {
					BAFD0DF5205A434100292B47 = {
						CreatedOnToolsVersion = 9.0.1;
						ProvisioningStyle = Automatic;
					};
				};
			};
			buildConfigurationList = BAFD0DF1205A434100292B47 /* Build configuration list for PBXProject "Todoey" */;
			compatibilityVersion = "Xcode 8.0";
			developmentRegion = en;
			hasScannedForEncodings = 0;
			knownRegions = (
				en,
				Base,
			);
			mainGroup = BAFD0DED205A434100292B47;
			productRefGroup = BAFD0DF7205A434100292B47 /* Products */;
			projectDirPath = "";
			projectRoot = "";
			targets = (
				BAFD0DF5205A434100292B47 /* Todoey */,
			);
		};
/* End PBXProject section */

/* Begin PBXResourcesBuildPhase section */
		BAFD0DF4205A434100292B47 /* Resources */ = {
			isa = PBXResourcesBuildPhase;
			buildActionMask = 2147483647;
			files = (
				BAFD0E04205A434100292B47 /* LaunchScreen.storyboard in Resources */,
				BAFD0E01205A434100292B47 /* Assets.xcassets in Resources */,
				BAFD0DFF205A434100292B47 /* Main.storyboard in Resources */,
			);
			runOnlyForDeploymentPostprocessing = 0;
		};
/* End PBXResourcesBuildPhase section */

/* Begin PBXShellScriptBuildPhase section */
		0AB3A984B94637E0235FC63B /* [CP] Check Pods Manifest.lock */ = {
			isa = PBXShellScriptBuildPhase;
			buildActionMask = 2147483647;
			files = (
			);
			inputPaths = (
				"${PODS_PODFILE_DIR_PATH}/Podfile.lock",
				"${PODS_ROOT}/Manifest.lock",
			);
			name = "[CP] Check Pods Manifest.lock";
			outputPaths = (
				"$(DERIVED_FILE_DIR)/Pods-Todoey-checkManifestLockResult.txt",
			);
			runOnlyForDeploymentPostprocessing = 0;
			shellPath = /bin/sh;
			shellScript = "diff \"${PODS_PODFILE_DIR_PATH}/Podfile.lock\" \"${PODS_ROOT}/Manifest.lock\" > /dev/null\nif [ $? != 0 ] ; then\n    # print error to STDERR\n    echo \"error: The sandbox is not in sync with the Podfile.lock. Run 'pod install' or update your CocoaPods installation.\" >&2\n    exit 1\nfi\n# This output is used by Xcode 'outputs' to avoid re-running this script phase.\necho \"SUCCESS\" > \"${SCRIPT_OUTPUT_FILE_0}\"\n";
			showEnvVarsInLog = 0;
		};
		5D0341D9A4246281A4C26811 /* [CP] Embed Pods Frameworks */ = {
			isa = PBXShellScriptBuildPhase;
			buildActionMask = 2147483647;
			files = (
			);
			inputPaths = (
				"${SRCROOT}/Pods/Target Support Files/Pods-Todoey/Pods-Todoey-frameworks.sh",
				"${BUILT_PRODUCTS_DIR}/Realm/Realm.framework",
				"${BUILT_PRODUCTS_DIR}/RealmSwift/RealmSwift.framework",
				"${BUILT_PRODUCTS_DIR}/SwipeCellKit/SwipeCellKit.framework",
			);
			name = "[CP] Embed Pods Frameworks";
			outputPaths = (
				"${TARGET_BUILD_DIR}/${FRAMEWORKS_FOLDER_PATH}/Realm.framework",
				"${TARGET_BUILD_DIR}/${FRAMEWORKS_FOLDER_PATH}/RealmSwift.framework",
				"${TARGET_BUILD_DIR}/${FRAMEWORKS_FOLDER_PATH}/SwipeCellKit.framework",
			);
			runOnlyForDeploymentPostprocessing = 0;
			shellPath = /bin/sh;
			shellScript = "\"${SRCROOT}/Pods/Target Support Files/Pods-Todoey/Pods-Todoey-frameworks.sh\"\n";
			showEnvVarsInLog = 0;
		};
		8D5914152FD0576582E65E13 /* [CP] Copy Pods Resources */ = {
			isa = PBXShellScriptBuildPhase;
			buildActionMask = 2147483647;
			files = (
			);
			inputPaths = (
			);
			name = "[CP] Copy Pods Resources";
			outputPaths = (
			);
			runOnlyForDeploymentPostprocessing = 0;
			shellPath = /bin/sh;
			shellScript = "\"${SRCROOT}/Pods/Target Support Files/Pods-Todoey/Pods-Todoey-resources.sh\"\n";
			showEnvVarsInLog = 0;
		};
/* End PBXShellScriptBuildPhase section */

/* Begin PBXSourcesBuildPhase section */
		BAFD0DF2205A434100292B47 /* Sources */ = {
			isa = PBXSourcesBuildPhase;
			buildActionMask = 2147483647;
			files = (
				BAD2B2E22060F43500529E78 /* Data.swift in Sources */,
				BAD2B2DE2060F3DD00529E78 /* Item.swift in Sources */,
				BA9B84A9205FE34F0099D50B /* CategoryViewControllorTableViewController.swift in Sources */,
				BA77654820622CC4005D573C /* SwipeTableViewController.swift in Sources */,
				BAFD0DFC205A434100292B47 /* TodoListViewController.swift in Sources */,
				BAFD0DFA205A434100292B47 /* AppDelegate.swift in Sources */,
				BAD2B2E02060F3FA00529E78 /* Category.swift in Sources */,
			);
			runOnlyForDeploymentPostprocessing = 0;
		};
/* End PBXSourcesBuildPhase section */

/* Begin PBXVariantGroup section */
		BAFD0DFD205A434100292B47 /* Main.storyboard */ = {
			isa = PBXVariantGroup;
			children = (
				BAFD0DFE205A434100292B47 /* Base */,
			);
			name = Main.storyboard;
			sourceTree = "<group>";
		};
		BAFD0E02205A434100292B47 /* LaunchScreen.storyboard */ = {
			isa = PBXVariantGroup;
			children = (
				BAFD0E03205A434100292B47 /* Base */,
			);
			name = LaunchScreen.storyboard;
			sourceTree = "<group>";
		};
/* End PBXVariantGroup section */

/* Begin XCBuildConfiguration section */
		BAFD0E06205A434100292B47 /* Debug */ = {
			isa = XCBuildConfiguration;
			buildSettings = {
				ALWAYS_SEARCH_USER_PATHS = NO;
				CLANG_ANALYZER_NONNULL = YES;
				CLANG_ANALYZER_NUMBER_OBJECT_CONVERSION = YES_AGGRESSIVE;
				CLANG_CXX_LANGUAGE_STANDARD = "gnu++14";
				CLANG_CXX_LIBRARY = "libc++";
				CLANG_ENABLE_MODULES = YES;
				CLANG_ENABLE_OBJC_ARC = YES;
				CLANG_WARN_BLOCK_CAPTURE_AUTORELEASING = YES;
				CLANG_WARN_BOOL_CONVERSION = YES;
				CLANG_WARN_COMMA = YES;
				CLANG_WARN_CONSTANT_CONVERSION = YES;
				CLANG_WARN_DIRECT_OBJC_ISA_USAGE = YES_ERROR;
				CLANG_WARN_DOCUMENTATION_COMMENTS = YES;
				CLANG_WARN_EMPTY_BODY = YES;
				CLANG_WARN_ENUM_CONVERSION = YES;
				CLANG_WARN_INFINITE_RECURSION = YES;
				CLANG_WARN_INT_CONVERSION = YES;
				CLANG_WARN_NON_LITERAL_NULL_CONVERSION = YES;
				CLANG_WARN_OBJC_LITERAL_CONVERSION = YES;
				CLANG_WARN_OBJC_ROOT_CLASS = YES_ERROR;
				CLANG_WARN_RANGE_LOOP_ANALYSIS = YES;
				CLANG_WARN_STRICT_PROTOTYPES = YES;
				CLANG_WARN_SUSPICIOUS_MOVE = YES;
				CLANG_WARN_UNGUARDED_AVAILABILITY = YES_AGGRESSIVE;
				CLANG_WARN_UNREACHABLE_CODE = YES;
				CLANG_WARN__DUPLICATE_METHOD_MATCH = YES;
				CODE_SIGN_IDENTITY = "iPhone Developer";
				COPY_PHASE_STRIP = NO;
				DEBUG_INFORMATION_FORMAT = dwarf;
				ENABLE_STRICT_OBJC_MSGSEND = YES;
				ENABLE_TESTABILITY = YES;
				GCC_C_LANGUAGE_STANDARD = gnu11;
				GCC_DYNAMIC_NO_PIC = NO;
				GCC_NO_COMMON_BLOCKS = YES;
				GCC_OPTIMIZATION_LEVEL = 0;
				GCC_PREPROCESSOR_DEFINITIONS = (
					"DEBUG=1",
					"$(inherited)",
				);
				GCC_WARN_64_TO_32_BIT_CONVERSION = YES;
				GCC_WARN_ABOUT_RETURN_TYPE = YES_ERROR;
				GCC_WARN_UNDECLARED_SELECTOR = YES;
				GCC_WARN_UNINITIALIZED_AUTOS = YES_AGGRESSIVE;
				GCC_WARN_UNUSED_FUNCTION = YES;
				GCC_WARN_UNUSED_VARIABLE = YES;
				IPHONEOS_DEPLOYMENT_TARGET = 11.0;
				MTL_ENABLE_DEBUG_INFO = YES;
				ONLY_ACTIVE_ARCH = YES;
				SDKROOT = iphoneos;
				SWIFT_ACTIVE_COMPILATION_CONDITIONS = DEBUG;
				SWIFT_OPTIMIZATION_LEVEL = "-Onone";
			};
			name = Debug;
		};
		BAFD0E07205A434100292B47 /* Release */ = {
			isa = XCBuildConfiguration;
			buildSettings = {
				ALWAYS_SEARCH_USER_PATHS = NO;
				CLANG_ANALYZER_NONNULL = YES;
				CLANG_ANALYZER_NUMBER_OBJECT_CONVERSION = YES_AGGRESSIVE;
				CLANG_CXX_LANGUAGE_STANDARD = "gnu++14";
				CLANG_CXX_LIBRARY = "libc++";
				CLANG_ENABLE_MODULES = YES;
				CLANG_ENABLE_OBJC_ARC = YES;
				CLANG_WARN_BLOCK_CAPTURE_AUTORELEASING = YES;
				CLANG_WARN_BOOL_CONVERSION = YES;
				CLANG_WARN_COMMA = YES;
				CLANG_WARN_CONSTANT_CONVERSION = YES;
				CLANG_WARN_DIRECT_OBJC_ISA_USAGE = YES_ERROR;
				CLANG_WARN_DOCUMENTATION_COMMENTS = YES;
				CLANG_WARN_EMPTY_BODY = YES;
				CLANG_WARN_ENUM_CONVERSION = YES;
				CLANG_WARN_INFINITE_RECURSION = YES;
				CLANG_WARN_INT_CONVERSION = YES;
				CLANG_WARN_NON_LITERAL_NULL_CONVERSION = YES;
				CLANG_WARN_OBJC_LITERAL_CONVERSION = YES;
				CLANG_WARN_OBJC_ROOT_CLASS = YES_ERROR;
				CLANG_WARN_RANGE_LOOP_ANALYSIS = YES;
				CLANG_WARN_STRICT_PROTOTYPES = YES;
				CLANG_WARN_SUSPICIOUS_MOVE = YES;
				CLANG_WARN_UNGUARDED_AVAILABILITY = YES_AGGRESSIVE;
				CLANG_WARN_UNREACHABLE_CODE = YES;
				CLANG_WARN__DUPLICATE_METHOD_MATCH = YES;
				CODE_SIGN_IDENTITY = "iPhone Developer";
				COPY_PHASE_STRIP = NO;
				DEBUG_INFORMATION_FORMAT = "dwarf-with-dsym";
				ENABLE_NS_ASSERTIONS = NO;
				ENABLE_STRICT_OBJC_MSGSEND = YES;
				GCC_C_LANGUAGE_STANDARD = gnu11;
				GCC_NO_COMMON_BLOCKS = YES;
				GCC_WARN_64_TO_32_BIT_CONVERSION = YES;
				GCC_WARN_ABOUT_RETURN_TYPE = YES_ERROR;
				GCC_WARN_UNDECLARED_SELECTOR = YES;
				GCC_WARN_UNINITIALIZED_AUTOS = YES_AGGRESSIVE;
				GCC_WARN_UNUSED_FUNCTION = YES;
				GCC_WARN_UNUSED_VARIABLE = YES;
				IPHONEOS_DEPLOYMENT_TARGET = 11.0;
				MTL_ENABLE_DEBUG_INFO = NO;
				SDKROOT = iphoneos;
				SWIFT_OPTIMIZATION_LEVEL = "-Owholemodule";
				VALIDATE_PRODUCT = YES;
			};
			name = Release;
		};
		BAFD0E09205A434100292B47 /* Debug */ = {
			isa = XCBuildConfiguration;
			baseConfigurationReference = 83471D45C3FE2BE098208D4A /* Pods-Todoey.debug.xcconfig */;
			buildSettings = {
				ASSETCATALOG_COMPILER_APPICON_NAME = AppIcon;
				CODE_SIGN_STYLE = Automatic;
				INFOPLIST_FILE = Todoey/Info.plist;
				LD_RUNPATH_SEARCH_PATHS = "$(inherited) @executable_path/Frameworks";
				PRODUCT_BUNDLE_IDENTIFIER = com.phantasmist.Todoey;
				PRODUCT_NAME = "$(TARGET_NAME)";
				SWIFT_VERSION = 4.0;
				TARGETED_DEVICE_FAMILY = "1,2";
			};
			name = Debug;
		};
		BAFD0E0A205A434100292B47 /* Release */ = {
			isa = XCBuildConfiguration;
			baseConfigurationReference = E1DEC1A1D26B67F4E01454A2 /* Pods-Todoey.release.xcconfig */;
			buildSettings = {
				ASSETCATALOG_COMPILER_APPICON_NAME = AppIcon;
				CODE_SIGN_STYLE = Automatic;
				INFOPLIST_FILE = Todoey/Info.plist;
				LD_RUNPATH_SEARCH_PATHS = "$(inherited) @executable_path/Frameworks";
				PRODUCT_BUNDLE_IDENTIFIER = com.phantasmist.Todoey;
				PRODUCT_NAME = "$(TARGET_NAME)";
				SWIFT_VERSION = 4.0;
				TARGETED_DEVICE_FAMILY = "1,2";
			};
			name = Release;
		};
/* End XCBuildConfiguration section */

/* Begin XCConfigurationList section */
		BAFD0DF1205A434100292B47 /* Build configuration list for PBXProject "Todoey" */ = {
			isa = XCConfigurationList;
			buildConfigurations = (
				BAFD0E06205A434100292B47 /* Debug */,
				BAFD0E07205A434100292B47 /* Release */,
			);
			defaultConfigurationIsVisible = 0;
			defaultConfigurationName = Release;
		};
		BAFD0E08205A434100292B47 /* Build configuration list for PBXNativeTarget "Todoey" */ = {
			isa = XCConfigurationList;
			buildConfigurations = (
				BAFD0E09205A434100292B47 /* Debug */,
				BAFD0E0A205A434100292B47 /* Release */,
			);
			defaultConfigurationIsVisible = 0;
			defaultConfigurationName = Release;
		};
/* End XCConfigurationList section */
	};
	rootObject = BAFD0DEE205A434100292B47 /* Project object */;
}
